// !$*UTF8*$!
{
	archiveVersion = 1;
	classes = {
	};
	objectVersion = 51;
	objects = {

/* Begin PBXBuildFile section */
		7BBC3302A4E98AD50D1A303F /* Pods_R_Sports.framework in Frameworks */ = {isa = PBXBuildFile; fileRef = 352CAB3898F08E1E9B654E98 /* Pods_R_Sports.framework */; };
		FA0098C42337E2CB000BC738 /* JogadorTimeDTO.swift in Sources */ = {isa = PBXBuildFile; fileRef = FA0098C32337E2CB000BC738 /* JogadorTimeDTO.swift */; };
		FA0098C82337E577000BC738 /* TimesCell.swift in Sources */ = {isa = PBXBuildFile; fileRef = FA0098C62337E577000BC738 /* TimesCell.swift */; };
		FA0098C92337E577000BC738 /* TimesCell.xib in Resources */ = {isa = PBXBuildFile; fileRef = FA0098C72337E577000BC738 /* TimesCell.xib */; };
		FA0098CB2337F1A3000BC738 /* CriarTimeController.swift in Sources */ = {isa = PBXBuildFile; fileRef = FA0098CA2337F1A3000BC738 /* CriarTimeController.swift */; };
		FA07BB75225BBB60007AF2D0 /* AuthController.swift in Sources */ = {isa = PBXBuildFile; fileRef = FA07BB74225BBB60007AF2D0 /* AuthController.swift */; };
		FA07BB78225BC394007AF2D0 /* UIWindow+Extensions.swift in Sources */ = {isa = PBXBuildFile; fileRef = FA07BB77225BC394007AF2D0 /* UIWindow+Extensions.swift */; };
		FA07BB7C225BC7AF007AF2D0 /* MainTabController.swift in Sources */ = {isa = PBXBuildFile; fileRef = FA07BB7B225BC7AF007AF2D0 /* MainTabController.swift */; };
		FA166E9722C43D0400E0FF5E /* AlertsHelper.swift in Sources */ = {isa = PBXBuildFile; fileRef = FA166E9622C43D0400E0FF5E /* AlertsHelper.swift */; };
		FA2C1EE122AB7A8B0057131A /* MaskedTextField.swift in Sources */ = {isa = PBXBuildFile; fileRef = FA2C1EE022AB7A8B0057131A /* MaskedTextField.swift */; };
		FA2C1EE322AC0A420057131A /* KapinField.swift in Sources */ = {isa = PBXBuildFile; fileRef = FA2C1EE222AC0A420057131A /* KapinField.swift */; };
		FA2C1EE522AC0A770057131A /* LoginController.swift in Sources */ = {isa = PBXBuildFile; fileRef = FA2C1EE422AC0A770057131A /* LoginController.swift */; };
		FA2C1EE722AC5A840057131A /* OnboardingCreateAccountController.swift in Sources */ = {isa = PBXBuildFile; fileRef = FA2C1EE622AC5A840057131A /* OnboardingCreateAccountController.swift */; };
		FA3EB7DA225AED5F00866125 /* GoogleService-Info.plist in Resources */ = {isa = PBXBuildFile; fileRef = FA3EB7D9225AED5F00866125 /* GoogleService-Info.plist */; };
		FA3EB7DD225AEFA200866125 /* FirebaseService.swift in Sources */ = {isa = PBXBuildFile; fileRef = FA3EB7DC225AEFA200866125 /* FirebaseService.swift */; };
		FA418AA7230101B7007B2F53 /* DadosUsuarioCell.swift in Sources */ = {isa = PBXBuildFile; fileRef = FA418AA5230101B7007B2F53 /* DadosUsuarioCell.swift */; };
		FA418AA8230101B7007B2F53 /* DadosUsuarioCell.xib in Resources */ = {isa = PBXBuildFile; fileRef = FA418AA6230101B7007B2F53 /* DadosUsuarioCell.xib */; };
		FA418AAB23010830007B2F53 /* LogoffCell.swift in Sources */ = {isa = PBXBuildFile; fileRef = FA418AA923010830007B2F53 /* LogoffCell.swift */; };
		FA418AAC23010830007B2F53 /* LogoffCell.xib in Resources */ = {isa = PBXBuildFile; fileRef = FA418AAA23010830007B2F53 /* LogoffCell.xib */; };
		FA418AB123024BFC007B2F53 /* ConfirmacaoReservaListaController.swift in Sources */ = {isa = PBXBuildFile; fileRef = FA418AB023024BFC007B2F53 /* ConfirmacaoReservaListaController.swift */; };
		FA418AB323025C3D007B2F53 /* FilesManager.swift in Sources */ = {isa = PBXBuildFile; fileRef = FA418AB223025C3D007B2F53 /* FilesManager.swift */; };
		FA418AB523037D48007B2F53 /* OnboardingProfileController.swift in Sources */ = {isa = PBXBuildFile; fileRef = FA418AB423037D48007B2F53 /* OnboardingProfileController.swift */; };
		FA418ABB23039983007B2F53 /* OnboardingProfileController.swift in Sources */ = {isa = PBXBuildFile; fileRef = FA418ABA23039983007B2F53 /* OnboardingProfileController.swift */; };
		FA45692522E67AE000C0971B /* AppConstants.swift in Sources */ = {isa = PBXBuildFile; fileRef = FA45692422E67AE000C0971B /* AppConstants.swift */; };
		FA45692722E6953100C0971B /* RSportsService.swift in Sources */ = {isa = PBXBuildFile; fileRef = FA45692622E6953100C0971B /* RSportsService.swift */; };
		FA57492922F9F8F5005E015C /* NoQuadrasCell.swift in Sources */ = {isa = PBXBuildFile; fileRef = FA57492722F9F8F5005E015C /* NoQuadrasCell.swift */; };
		FA57492A22F9F8F5005E015C /* NoQuadrasCell.xib in Resources */ = {isa = PBXBuildFile; fileRef = FA57492822F9F8F5005E015C /* NoQuadrasCell.xib */; };
		FA57492C22FA0CCF005E015C /* ReservaListaDTO.swift in Sources */ = {isa = PBXBuildFile; fileRef = FA57492B22FA0CCF005E015C /* ReservaListaDTO.swift */; };
		FA58A124224E9FF0007F9C72 /* QuadraDTO.swift in Sources */ = {isa = PBXBuildFile; fileRef = FA58A123224E9FF0007F9C72 /* QuadraDTO.swift */; };
		FA5A404222ADB4DB00E8FA8A /* HeaderCell.swift in Sources */ = {isa = PBXBuildFile; fileRef = FA5A404022ADB4DB00E8FA8A /* HeaderCell.swift */; };
		FA5A404322ADB4DB00E8FA8A /* HeaderCell.xib in Resources */ = {isa = PBXBuildFile; fileRef = FA5A404122ADB4DB00E8FA8A /* HeaderCell.xib */; };
		FA5A404622ADB90000E8FA8A /* EnderecoCell.swift in Sources */ = {isa = PBXBuildFile; fileRef = FA5A404422ADB90000E8FA8A /* EnderecoCell.swift */; };
		FA5A404722ADB90000E8FA8A /* EnderecoCell.xib in Resources */ = {isa = PBXBuildFile; fileRef = FA5A404522ADB90000E8FA8A /* EnderecoCell.xib */; };
		FA5A404D22ADC35D00E8FA8A /* Assets.xcassets in Resources */ = {isa = PBXBuildFile; fileRef = FA5A404C22ADC35D00E8FA8A /* Assets.xcassets */; };
		FA5A405122ADC77900E8FA8A /* CriarReservaController.swift in Sources */ = {isa = PBXBuildFile; fileRef = FA5A405022ADC77900E8FA8A /* CriarReservaController.swift */; };
		FA5A405A22ADC90600E8FA8A /* JogadoresCell.swift in Sources */ = {isa = PBXBuildFile; fileRef = FA5A405822ADC90600E8FA8A /* JogadoresCell.swift */; };
		FA5A405B22ADC90600E8FA8A /* JogadoresCell.xib in Resources */ = {isa = PBXBuildFile; fileRef = FA5A405922ADC90600E8FA8A /* JogadoresCell.xib */; };
		FA7CE8AE22AC5BAF007B84A7 /* PhoneService.swift in Sources */ = {isa = PBXBuildFile; fileRef = FA7CE8AD22AC5BAF007B84A7 /* PhoneService.swift */; };
		FA7CE8B022AC6894007B84A7 /* OnboardingIdentityInfoController.swift in Sources */ = {isa = PBXBuildFile; fileRef = FA7CE8AF22AC6894007B84A7 /* OnboardingIdentityInfoController.swift */; };
		FA7CE8B222AC6D88007B84A7 /* OnboardingImageController.swift in Sources */ = {isa = PBXBuildFile; fileRef = FA7CE8B122AC6D88007B84A7 /* OnboardingImageController.swift */; };
		FA7CE8B422AC7342007B84A7 /* OnboardingPlaystyleController.swift in Sources */ = {isa = PBXBuildFile; fileRef = FA7CE8B322AC7342007B84A7 /* OnboardingPlaystyleController.swift */; };
		FA7D48BE233048D00044D85D /* EventosCell.swift in Sources */ = {isa = PBXBuildFile; fileRef = FA7D48BC233048D00044D85D /* EventosCell.swift */; };
		FA7D48BF233048D00044D85D /* EventosCell.xib in Resources */ = {isa = PBXBuildFile; fileRef = FA7D48BD233048D00044D85D /* EventosCell.xib */; };
		FA7D48C123304A490044D85D /* MatchmakeController.swift in Sources */ = {isa = PBXBuildFile; fileRef = FA7D48C023304A490044D85D /* MatchmakeController.swift */; };
		FA7D48C32337D5290044D85D /* TimesController.swift in Sources */ = {isa = PBXBuildFile; fileRef = FA7D48C22337D5290044D85D /* TimesController.swift */; };
		FA8B55E522AAD989000BE939 /* MapController.swift in Sources */ = {isa = PBXBuildFile; fileRef = FA8B55E422AAD989000BE939 /* MapController.swift */; };
		FA8B55F422AAF6C1000BE939 /* CreditCardValidator.swift in Sources */ = {isa = PBXBuildFile; fileRef = FA8B55F322AAF6C1000BE939 /* CreditCardValidator.swift */; };
		FA8B55F622AAF7E9000BE939 /* PagamentoController.swift in Sources */ = {isa = PBXBuildFile; fileRef = FA8B55F522AAF7E9000BE939 /* PagamentoController.swift */; };
		FA8B55F822AAF8D0000BE939 /* ConfirmacaoController.swift in Sources */ = {isa = PBXBuildFile; fileRef = FA8B55F722AAF8D0000BE939 /* ConfirmacaoController.swift */; };
		FA905DE1229CB50C00F4D20E /* Date+Extensions.swift in Sources */ = {isa = PBXBuildFile; fileRef = FA905DE0229CB50C00F4D20E /* Date+Extensions.swift */; };
		FA905DE3229CBA4200F4D20E /* PerfilController.swift in Sources */ = {isa = PBXBuildFile; fileRef = FA905DE2229CBA4200F4D20E /* PerfilController.swift */; };
		FA905DE5229CBD7400F4D20E /* UserDTO.swift in Sources */ = {isa = PBXBuildFile; fileRef = FA905DE4229CBD7400F4D20E /* UserDTO.swift */; };
		FA905DE7229CC44200F4D20E /* UIImageView+Extensions.swift in Sources */ = {isa = PBXBuildFile; fileRef = FA905DE6229CC44200F4D20E /* UIImageView+Extensions.swift */; };
		FA905DEB229DE51D00F4D20E /* CalendarCell.swift in Sources */ = {isa = PBXBuildFile; fileRef = FA905DE9229DE51D00F4D20E /* CalendarCell.swift */; };
		FA905DEC229DE51D00F4D20E /* CalendarCell.xib in Resources */ = {isa = PBXBuildFile; fileRef = FA905DEA229DE51D00F4D20E /* CalendarCell.xib */; };
		FA905DEE229DFA5000F4D20E /* UIViewController+Extensions.swift in Sources */ = {isa = PBXBuildFile; fileRef = FA905DED229DFA5000F4D20E /* UIViewController+Extensions.swift */; };
		FA905DF0229DFB6500F4D20E /* UITextField+Extensions.swift in Sources */ = {isa = PBXBuildFile; fileRef = FA905DEF229DFB6500F4D20E /* UITextField+Extensions.swift */; };
		FA905DF2229E004400F4D20E /* ReservasController.swift in Sources */ = {isa = PBXBuildFile; fileRef = FA905DF1229E004400F4D20E /* ReservasController.swift */; };
		FA905DF4229E022E00F4D20E /* Double+Extensions.swift in Sources */ = {isa = PBXBuildFile; fileRef = FA905DF3229E022E00F4D20E /* Double+Extensions.swift */; };
		FA9A1C322301D270001661ED /* ServicosCollectionCell.swift in Sources */ = {isa = PBXBuildFile; fileRef = FA9A1C312301D270001661ED /* ServicosCollectionCell.swift */; };
		FA9A1C342301E018001661ED /* ButtonWithImage.swift in Sources */ = {isa = PBXBuildFile; fileRef = FA9A1C332301E018001661ED /* ButtonWithImage.swift */; };
		FA9A1C382301E804001661ED /* ServicoController.swift in Sources */ = {isa = PBXBuildFile; fileRef = FA9A1C362301E804001661ED /* ServicoController.swift */; };
		FA9A1C392301E804001661ED /* ServicoController.xib in Resources */ = {isa = PBXBuildFile; fileRef = FA9A1C372301E804001661ED /* ServicoController.xib */; };
		FAA49239229C99A200813E14 /* SharedSession.swift in Sources */ = {isa = PBXBuildFile; fileRef = FAA49238229C99A200813E14 /* SharedSession.swift */; };
		FAA62195229CB0D300688353 /* QuadraDetailController.swift in Sources */ = {isa = PBXBuildFile; fileRef = FAA62194229CB0D300688353 /* QuadraDetailController.swift */; };
		FAB1E10D233D120B001E88F1 /* TimeDetalhesController.swift in Sources */ = {isa = PBXBuildFile; fileRef = FAB1E10C233D120B001E88F1 /* TimeDetalhesController.swift */; };
		FAB1E111233D1562001E88F1 /* JogadorTimeCell.swift in Sources */ = {isa = PBXBuildFile; fileRef = FAB1E10F233D1562001E88F1 /* JogadorTimeCell.swift */; };
		FAB1E112233D1562001E88F1 /* JogadorTimeCell.xib in Resources */ = {isa = PBXBuildFile; fileRef = FAB1E110233D1562001E88F1 /* JogadorTimeCell.xib */; };
		FAB1E117233D3ED9001E88F1 /* ConviteTimeCell.xib in Resources */ = {isa = PBXBuildFile; fileRef = FAB1E115233D3ED9001E88F1 /* ConviteTimeCell.xib */; };
		FAB1E118233D3ED9001E88F1 /* ConviteTimeCell.swift in Sources */ = {isa = PBXBuildFile; fileRef = FAB1E116233D3ED9001E88F1 /* ConviteTimeCell.swift */; };
		FAB1E11A233D40A1001E88F1 /* ConvitesController.swift in Sources */ = {isa = PBXBuildFile; fileRef = FAB1E119233D40A1001E88F1 /* ConvitesController.swift */; };
		FAB1E11E233D769D001E88F1 /* PartidaCell.swift in Sources */ = {isa = PBXBuildFile; fileRef = FAB1E11C233D769C001E88F1 /* PartidaCell.swift */; };
		FAB1E11F233D769D001E88F1 /* PartidaCell.xib in Resources */ = {isa = PBXBuildFile; fileRef = FAB1E11D233D769C001E88F1 /* PartidaCell.xib */; };
		FAB3642E22AE8FDC006ED541 /* ReservaDTO.swift in Sources */ = {isa = PBXBuildFile; fileRef = FAB3642D22AE8FDC006ED541 /* ReservaDTO.swift */; };
		FAC8EE3922FB4BC300EC7812 /* DetalhesReservaController.swift in Sources */ = {isa = PBXBuildFile; fileRef = FAC8EE3822FB4BC300EC7812 /* DetalhesReservaController.swift */; };
		FAC8EE4222FB506B00EC7812 /* JogadoresStatusCell.swift in Sources */ = {isa = PBXBuildFile; fileRef = FAC8EE4022FB506B00EC7812 /* JogadoresStatusCell.swift */; };
		FAC8EE4522FC8D2900EC7812 /* QuadraServicosController.swift in Sources */ = {isa = PBXBuildFile; fileRef = FAC8EE4422FC8D2900EC7812 /* QuadraServicosController.swift */; };
		FAD4D4C222A4AA4F008F10F7 /* ReservasCell.swift in Sources */ = {isa = PBXBuildFile; fileRef = FAD4D4C022A4AA4F008F10F7 /* ReservasCell.swift */; };
		FAD4D4C322A4AA4F008F10F7 /* ReservasCell.xib in Resources */ = {isa = PBXBuildFile; fileRef = FAD4D4C122A4AA4F008F10F7 /* ReservasCell.xib */; };
		FAD5D5E0224E8D3E00DD64DB /* AppDelegate.swift in Sources */ = {isa = PBXBuildFile; fileRef = FAD5D5DF224E8D3E00DD64DB /* AppDelegate.swift */; };
		FAD5D5E2224E8D3E00DD64DB /* ListaQuadrasController.swift in Sources */ = {isa = PBXBuildFile; fileRef = FAD5D5E1224E8D3E00DD64DB /* ListaQuadrasController.swift */; };
		FAD5D5E5224E8D3E00DD64DB /* Main.storyboard in Resources */ = {isa = PBXBuildFile; fileRef = FAD5D5E3224E8D3E00DD64DB /* Main.storyboard */; };
		FAD5D5EA224E8D4000DD64DB /* LaunchScreen.storyboard in Resources */ = {isa = PBXBuildFile; fileRef = FAD5D5E8224E8D4000DD64DB /* LaunchScreen.storyboard */; };
		FAD5D5F5224E997300DD64DB /* QuadrasCell.swift in Sources */ = {isa = PBXBuildFile; fileRef = FAD5D5F3224E997300DD64DB /* QuadrasCell.swift */; };
		FAD5D5F6224E997300DD64DB /* QuadrasCell.xib in Resources */ = {isa = PBXBuildFile; fileRef = FAD5D5F4224E997300DD64DB /* QuadrasCell.xib */; };
		FAF515022300B0A700C7ADD0 /* FiltrosQuadrasController.swift in Sources */ = {isa = PBXBuildFile; fileRef = FAF515002300B0A700C7ADD0 /* FiltrosQuadrasController.swift */; };
		FAF515032300B0A700C7ADD0 /* FiltrosQuadrasController.xib in Resources */ = {isa = PBXBuildFile; fileRef = FAF515012300B0A700C7ADD0 /* FiltrosQuadrasController.xib */; };
/* End PBXBuildFile section */

/* Begin PBXFileReference section */
		352CAB3898F08E1E9B654E98 /* Pods_R_Sports.framework */ = {isa = PBXFileReference; explicitFileType = wrapper.framework; includeInIndex = 0; path = Pods_R_Sports.framework; sourceTree = BUILT_PRODUCTS_DIR; };
		7DA11FD8174833CE6EF6E589 /* Pods-R Sports.debug.xcconfig */ = {isa = PBXFileReference; includeInIndex = 1; lastKnownFileType = text.xcconfig; name = "Pods-R Sports.debug.xcconfig"; path = "Target Support Files/Pods-R Sports/Pods-R Sports.debug.xcconfig"; sourceTree = "<group>"; };
		CCD0E545A97311F421D932F3 /* Pods-R Sports.release.xcconfig */ = {isa = PBXFileReference; includeInIndex = 1; lastKnownFileType = text.xcconfig; name = "Pods-R Sports.release.xcconfig"; path = "Target Support Files/Pods-R Sports/Pods-R Sports.release.xcconfig"; sourceTree = "<group>"; };
		FA0098C32337E2CB000BC738 /* JogadorTimeDTO.swift */ = {isa = PBXFileReference; lastKnownFileType = sourcecode.swift; path = JogadorTimeDTO.swift; sourceTree = "<group>"; };
		FA0098C62337E577000BC738 /* TimesCell.swift */ = {isa = PBXFileReference; lastKnownFileType = sourcecode.swift; path = TimesCell.swift; sourceTree = "<group>"; };
		FA0098C72337E577000BC738 /* TimesCell.xib */ = {isa = PBXFileReference; lastKnownFileType = file.xib; path = TimesCell.xib; sourceTree = "<group>"; };
		FA0098CA2337F1A3000BC738 /* CriarTimeController.swift */ = {isa = PBXFileReference; lastKnownFileType = sourcecode.swift; path = CriarTimeController.swift; sourceTree = "<group>"; };
		FA07BB74225BBB60007AF2D0 /* AuthController.swift */ = {isa = PBXFileReference; lastKnownFileType = sourcecode.swift; path = AuthController.swift; sourceTree = "<group>"; };
		FA07BB77225BC394007AF2D0 /* UIWindow+Extensions.swift */ = {isa = PBXFileReference; lastKnownFileType = sourcecode.swift; path = "UIWindow+Extensions.swift"; sourceTree = "<group>"; };
		FA07BB7B225BC7AF007AF2D0 /* MainTabController.swift */ = {isa = PBXFileReference; lastKnownFileType = sourcecode.swift; path = MainTabController.swift; sourceTree = "<group>"; };
		FA166E9622C43D0400E0FF5E /* AlertsHelper.swift */ = {isa = PBXFileReference; lastKnownFileType = sourcecode.swift; path = AlertsHelper.swift; sourceTree = "<group>"; };
		FA2C1EDF22AB13AE0057131A /* R Sports.entitlements */ = {isa = PBXFileReference; lastKnownFileType = text.plist.entitlements; path = "R Sports.entitlements"; sourceTree = "<group>"; };
		FA2C1EE022AB7A8B0057131A /* MaskedTextField.swift */ = {isa = PBXFileReference; lastKnownFileType = sourcecode.swift; path = MaskedTextField.swift; sourceTree = "<group>"; };
		FA2C1EE222AC0A420057131A /* KapinField.swift */ = {isa = PBXFileReference; lastKnownFileType = sourcecode.swift; path = KapinField.swift; sourceTree = "<group>"; };
		FA2C1EE422AC0A770057131A /* LoginController.swift */ = {isa = PBXFileReference; lastKnownFileType = sourcecode.swift; path = LoginController.swift; sourceTree = "<group>"; };
		FA2C1EE622AC5A840057131A /* OnboardingCreateAccountController.swift */ = {isa = PBXFileReference; lastKnownFileType = sourcecode.swift; path = OnboardingCreateAccountController.swift; sourceTree = "<group>"; };
		FA3EB7D9225AED5F00866125 /* GoogleService-Info.plist */ = {isa = PBXFileReference; fileEncoding = 4; lastKnownFileType = text.plist.xml; path = "GoogleService-Info.plist"; sourceTree = "<group>"; };
		FA3EB7DC225AEFA200866125 /* FirebaseService.swift */ = {isa = PBXFileReference; lastKnownFileType = sourcecode.swift; path = FirebaseService.swift; sourceTree = "<group>"; };
		FA418AA5230101B7007B2F53 /* DadosUsuarioCell.swift */ = {isa = PBXFileReference; lastKnownFileType = sourcecode.swift; path = DadosUsuarioCell.swift; sourceTree = "<group>"; };
		FA418AA6230101B7007B2F53 /* DadosUsuarioCell.xib */ = {isa = PBXFileReference; lastKnownFileType = file.xib; path = DadosUsuarioCell.xib; sourceTree = "<group>"; };
		FA418AA923010830007B2F53 /* LogoffCell.swift */ = {isa = PBXFileReference; lastKnownFileType = sourcecode.swift; path = LogoffCell.swift; sourceTree = "<group>"; };
		FA418AAA23010830007B2F53 /* LogoffCell.xib */ = {isa = PBXFileReference; lastKnownFileType = file.xib; path = LogoffCell.xib; sourceTree = "<group>"; };
		FA418AB023024BFC007B2F53 /* ConfirmacaoReservaListaController.swift */ = {isa = PBXFileReference; fileEncoding = 4; lastKnownFileType = sourcecode.swift; path = ConfirmacaoReservaListaController.swift; sourceTree = "<group>"; };
		FA418AB223025C3D007B2F53 /* FilesManager.swift */ = {isa = PBXFileReference; lastKnownFileType = sourcecode.swift; path = FilesManager.swift; sourceTree = "<group>"; };
		FA418AB423037D48007B2F53 /* OnboardingProfileController.swift */ = {isa = PBXFileReference; lastKnownFileType = sourcecode.swift; path = OnboardingProfileController.swift; sourceTree = "<group>"; };
		FA418ABA23039983007B2F53 /* OnboardingProfileController.swift */ = {isa = PBXFileReference; fileEncoding = 4; lastKnownFileType = sourcecode.swift; path = OnboardingProfileController.swift; sourceTree = "<group>"; };
		FA45692422E67AE000C0971B /* AppConstants.swift */ = {isa = PBXFileReference; lastKnownFileType = sourcecode.swift; path = AppConstants.swift; sourceTree = "<group>"; };
		FA45692622E6953100C0971B /* RSportsService.swift */ = {isa = PBXFileReference; lastKnownFileType = sourcecode.swift; path = RSportsService.swift; sourceTree = "<group>"; };
		FA57492722F9F8F5005E015C /* NoQuadrasCell.swift */ = {isa = PBXFileReference; lastKnownFileType = sourcecode.swift; path = NoQuadrasCell.swift; sourceTree = "<group>"; };
		FA57492822F9F8F5005E015C /* NoQuadrasCell.xib */ = {isa = PBXFileReference; lastKnownFileType = file.xib; path = NoQuadrasCell.xib; sourceTree = "<group>"; };
		FA57492B22FA0CCF005E015C /* ReservaListaDTO.swift */ = {isa = PBXFileReference; lastKnownFileType = sourcecode.swift; path = ReservaListaDTO.swift; sourceTree = "<group>"; };
		FA58A123224E9FF0007F9C72 /* QuadraDTO.swift */ = {isa = PBXFileReference; lastKnownFileType = sourcecode.swift; path = QuadraDTO.swift; sourceTree = "<group>"; };
		FA5A404022ADB4DB00E8FA8A /* HeaderCell.swift */ = {isa = PBXFileReference; lastKnownFileType = sourcecode.swift; path = HeaderCell.swift; sourceTree = "<group>"; };
		FA5A404122ADB4DB00E8FA8A /* HeaderCell.xib */ = {isa = PBXFileReference; lastKnownFileType = file.xib; path = HeaderCell.xib; sourceTree = "<group>"; };
		FA5A404422ADB90000E8FA8A /* EnderecoCell.swift */ = {isa = PBXFileReference; lastKnownFileType = sourcecode.swift; path = EnderecoCell.swift; sourceTree = "<group>"; };
		FA5A404522ADB90000E8FA8A /* EnderecoCell.xib */ = {isa = PBXFileReference; lastKnownFileType = file.xib; path = EnderecoCell.xib; sourceTree = "<group>"; };
		FA5A404C22ADC35D00E8FA8A /* Assets.xcassets */ = {isa = PBXFileReference; lastKnownFileType = folder.assetcatalog; path = Assets.xcassets; sourceTree = "<group>"; };
		FA5A405022ADC77900E8FA8A /* CriarReservaController.swift */ = {isa = PBXFileReference; lastKnownFileType = sourcecode.swift; path = CriarReservaController.swift; sourceTree = "<group>"; };
		FA5A405822ADC90600E8FA8A /* JogadoresCell.swift */ = {isa = PBXFileReference; lastKnownFileType = sourcecode.swift; path = JogadoresCell.swift; sourceTree = "<group>"; };
		FA5A405922ADC90600E8FA8A /* JogadoresCell.xib */ = {isa = PBXFileReference; lastKnownFileType = file.xib; path = JogadoresCell.xib; sourceTree = "<group>"; };
		FA7CE8AD22AC5BAF007B84A7 /* PhoneService.swift */ = {isa = PBXFileReference; lastKnownFileType = sourcecode.swift; path = PhoneService.swift; sourceTree = "<group>"; };
		FA7CE8AF22AC6894007B84A7 /* OnboardingIdentityInfoController.swift */ = {isa = PBXFileReference; lastKnownFileType = sourcecode.swift; path = OnboardingIdentityInfoController.swift; sourceTree = "<group>"; };
		FA7CE8B122AC6D88007B84A7 /* OnboardingImageController.swift */ = {isa = PBXFileReference; lastKnownFileType = sourcecode.swift; path = OnboardingImageController.swift; sourceTree = "<group>"; };
		FA7CE8B322AC7342007B84A7 /* OnboardingPlaystyleController.swift */ = {isa = PBXFileReference; lastKnownFileType = sourcecode.swift; name = OnboardingPlaystyleController.swift; path = ../OnboardingPlaystyleController.swift; sourceTree = "<group>"; };
		FA7D48BC233048D00044D85D /* EventosCell.swift */ = {isa = PBXFileReference; lastKnownFileType = sourcecode.swift; path = EventosCell.swift; sourceTree = "<group>"; };
		FA7D48BD233048D00044D85D /* EventosCell.xib */ = {isa = PBXFileReference; lastKnownFileType = file.xib; path = EventosCell.xib; sourceTree = "<group>"; };
		FA7D48C023304A490044D85D /* MatchmakeController.swift */ = {isa = PBXFileReference; lastKnownFileType = sourcecode.swift; path = MatchmakeController.swift; sourceTree = "<group>"; };
		FA7D48C22337D5290044D85D /* TimesController.swift */ = {isa = PBXFileReference; lastKnownFileType = sourcecode.swift; path = TimesController.swift; sourceTree = "<group>"; };
		FA8B55E422AAD989000BE939 /* MapController.swift */ = {isa = PBXFileReference; lastKnownFileType = sourcecode.swift; path = MapController.swift; sourceTree = "<group>"; };
		FA8B55F322AAF6C1000BE939 /* CreditCardValidator.swift */ = {isa = PBXFileReference; lastKnownFileType = sourcecode.swift; path = CreditCardValidator.swift; sourceTree = "<group>"; };
		FA8B55F522AAF7E9000BE939 /* PagamentoController.swift */ = {isa = PBXFileReference; lastKnownFileType = sourcecode.swift; path = PagamentoController.swift; sourceTree = "<group>"; };
		FA8B55F722AAF8D0000BE939 /* ConfirmacaoController.swift */ = {isa = PBXFileReference; lastKnownFileType = sourcecode.swift; path = ConfirmacaoController.swift; sourceTree = "<group>"; };
		FA905DE0229CB50C00F4D20E /* Date+Extensions.swift */ = {isa = PBXFileReference; lastKnownFileType = sourcecode.swift; path = "Date+Extensions.swift"; sourceTree = "<group>"; };
		FA905DE2229CBA4200F4D20E /* PerfilController.swift */ = {isa = PBXFileReference; lastKnownFileType = sourcecode.swift; path = PerfilController.swift; sourceTree = "<group>"; };
		FA905DE4229CBD7400F4D20E /* UserDTO.swift */ = {isa = PBXFileReference; lastKnownFileType = sourcecode.swift; path = UserDTO.swift; sourceTree = "<group>"; };
		FA905DE6229CC44200F4D20E /* UIImageView+Extensions.swift */ = {isa = PBXFileReference; lastKnownFileType = sourcecode.swift; path = "UIImageView+Extensions.swift"; sourceTree = "<group>"; };
		FA905DE9229DE51D00F4D20E /* CalendarCell.swift */ = {isa = PBXFileReference; lastKnownFileType = sourcecode.swift; path = CalendarCell.swift; sourceTree = "<group>"; };
		FA905DEA229DE51D00F4D20E /* CalendarCell.xib */ = {isa = PBXFileReference; lastKnownFileType = file.xib; path = CalendarCell.xib; sourceTree = "<group>"; };
		FA905DED229DFA5000F4D20E /* UIViewController+Extensions.swift */ = {isa = PBXFileReference; lastKnownFileType = sourcecode.swift; path = "UIViewController+Extensions.swift"; sourceTree = "<group>"; };
		FA905DEF229DFB6500F4D20E /* UITextField+Extensions.swift */ = {isa = PBXFileReference; lastKnownFileType = sourcecode.swift; path = "UITextField+Extensions.swift"; sourceTree = "<group>"; };
		FA905DF1229E004400F4D20E /* ReservasController.swift */ = {isa = PBXFileReference; lastKnownFileType = sourcecode.swift; path = ReservasController.swift; sourceTree = "<group>"; };
		FA905DF3229E022E00F4D20E /* Double+Extensions.swift */ = {isa = PBXFileReference; lastKnownFileType = sourcecode.swift; path = "Double+Extensions.swift"; sourceTree = "<group>"; };
		FA9A1C312301D270001661ED /* ServicosCollectionCell.swift */ = {isa = PBXFileReference; lastKnownFileType = sourcecode.swift; path = ServicosCollectionCell.swift; sourceTree = "<group>"; };
		FA9A1C332301E018001661ED /* ButtonWithImage.swift */ = {isa = PBXFileReference; lastKnownFileType = sourcecode.swift; path = ButtonWithImage.swift; sourceTree = "<group>"; };
		FA9A1C362301E804001661ED /* ServicoController.swift */ = {isa = PBXFileReference; lastKnownFileType = sourcecode.swift; path = ServicoController.swift; sourceTree = "<group>"; };
		FA9A1C372301E804001661ED /* ServicoController.xib */ = {isa = PBXFileReference; lastKnownFileType = file.xib; path = ServicoController.xib; sourceTree = "<group>"; };
		FAA49238229C99A200813E14 /* SharedSession.swift */ = {isa = PBXFileReference; lastKnownFileType = sourcecode.swift; name = SharedSession.swift; path = Controllers/SharedSession.swift; sourceTree = "<group>"; };
		FAA62194229CB0D300688353 /* QuadraDetailController.swift */ = {isa = PBXFileReference; lastKnownFileType = sourcecode.swift; path = QuadraDetailController.swift; sourceTree = "<group>"; };
		FAB1E10C233D120B001E88F1 /* TimeDetalhesController.swift */ = {isa = PBXFileReference; lastKnownFileType = sourcecode.swift; path = TimeDetalhesController.swift; sourceTree = "<group>"; };
		FAB1E10F233D1562001E88F1 /* JogadorTimeCell.swift */ = {isa = PBXFileReference; lastKnownFileType = sourcecode.swift; path = JogadorTimeCell.swift; sourceTree = "<group>"; };
		FAB1E110233D1562001E88F1 /* JogadorTimeCell.xib */ = {isa = PBXFileReference; lastKnownFileType = file.xib; path = JogadorTimeCell.xib; sourceTree = "<group>"; };
		FAB1E115233D3ED9001E88F1 /* ConviteTimeCell.xib */ = {isa = PBXFileReference; fileEncoding = 4; lastKnownFileType = file.xib; path = ConviteTimeCell.xib; sourceTree = "<group>"; };
		FAB1E116233D3ED9001E88F1 /* ConviteTimeCell.swift */ = {isa = PBXFileReference; fileEncoding = 4; lastKnownFileType = sourcecode.swift; path = ConviteTimeCell.swift; sourceTree = "<group>"; };
		FAB1E119233D40A1001E88F1 /* ConvitesController.swift */ = {isa = PBXFileReference; lastKnownFileType = sourcecode.swift; path = ConvitesController.swift; sourceTree = "<group>"; };
		FAB1E11C233D769C001E88F1 /* PartidaCell.swift */ = {isa = PBXFileReference; lastKnownFileType = sourcecode.swift; path = PartidaCell.swift; sourceTree = "<group>"; };
		FAB1E11D233D769C001E88F1 /* PartidaCell.xib */ = {isa = PBXFileReference; lastKnownFileType = file.xib; path = PartidaCell.xib; sourceTree = "<group>"; };
		FAB3642D22AE8FDC006ED541 /* ReservaDTO.swift */ = {isa = PBXFileReference; lastKnownFileType = sourcecode.swift; path = ReservaDTO.swift; sourceTree = "<group>"; };
		FAC8EE3822FB4BC300EC7812 /* DetalhesReservaController.swift */ = {isa = PBXFileReference; lastKnownFileType = sourcecode.swift; path = DetalhesReservaController.swift; sourceTree = "<group>"; };
		FAC8EE4022FB506B00EC7812 /* JogadoresStatusCell.swift */ = {isa = PBXFileReference; lastKnownFileType = sourcecode.swift; path = JogadoresStatusCell.swift; sourceTree = "<group>"; };
		FAC8EE4422FC8D2900EC7812 /* QuadraServicosController.swift */ = {isa = PBXFileReference; lastKnownFileType = sourcecode.swift; path = QuadraServicosController.swift; sourceTree = "<group>"; };
		FAD4D4C022A4AA4F008F10F7 /* ReservasCell.swift */ = {isa = PBXFileReference; lastKnownFileType = sourcecode.swift; path = ReservasCell.swift; sourceTree = "<group>"; };
		FAD4D4C122A4AA4F008F10F7 /* ReservasCell.xib */ = {isa = PBXFileReference; lastKnownFileType = file.xib; path = ReservasCell.xib; sourceTree = "<group>"; };
		FAD5D5DC224E8D3E00DD64DB /* R Sports.app */ = {isa = PBXFileReference; explicitFileType = wrapper.application; includeInIndex = 0; path = "R Sports.app"; sourceTree = BUILT_PRODUCTS_DIR; };
		FAD5D5DF224E8D3E00DD64DB /* AppDelegate.swift */ = {isa = PBXFileReference; lastKnownFileType = sourcecode.swift; path = AppDelegate.swift; sourceTree = "<group>"; };
		FAD5D5E1224E8D3E00DD64DB /* ListaQuadrasController.swift */ = {isa = PBXFileReference; lastKnownFileType = sourcecode.swift; path = ListaQuadrasController.swift; sourceTree = "<group>"; };
		FAD5D5E4224E8D3E00DD64DB /* Base */ = {isa = PBXFileReference; lastKnownFileType = file.storyboard; name = Base; path = Base.lproj/Main.storyboard; sourceTree = "<group>"; };
		FAD5D5E9224E8D4000DD64DB /* Base */ = {isa = PBXFileReference; lastKnownFileType = file.storyboard; name = Base; path = Base.lproj/LaunchScreen.storyboard; sourceTree = "<group>"; };
		FAD5D5EB224E8D4000DD64DB /* Info.plist */ = {isa = PBXFileReference; lastKnownFileType = text.plist.xml; path = Info.plist; sourceTree = "<group>"; };
		FAD5D5F3224E997300DD64DB /* QuadrasCell.swift */ = {isa = PBXFileReference; lastKnownFileType = sourcecode.swift; path = QuadrasCell.swift; sourceTree = "<group>"; };
		FAD5D5F4224E997300DD64DB /* QuadrasCell.xib */ = {isa = PBXFileReference; lastKnownFileType = file.xib; path = QuadrasCell.xib; sourceTree = "<group>"; };
		FAF515002300B0A700C7ADD0 /* FiltrosQuadrasController.swift */ = {isa = PBXFileReference; lastKnownFileType = sourcecode.swift; path = FiltrosQuadrasController.swift; sourceTree = "<group>"; };
		FAF515012300B0A700C7ADD0 /* FiltrosQuadrasController.xib */ = {isa = PBXFileReference; lastKnownFileType = file.xib; path = FiltrosQuadrasController.xib; sourceTree = "<group>"; };
/* End PBXFileReference section */

/* Begin PBXFrameworksBuildPhase section */
		FAD5D5D9224E8D3E00DD64DB /* Frameworks */ = {
			isa = PBXFrameworksBuildPhase;
			buildActionMask = 2147483647;
			files = (
				7BBC3302A4E98AD50D1A303F /* Pods_R_Sports.framework in Frameworks */,
			);
			runOnlyForDeploymentPostprocessing = 0;
		};
/* End PBXFrameworksBuildPhase section */

/* Begin PBXGroup section */
		33F02DF2251B1C1F95BE05EC /* Frameworks */ = {
			isa = PBXGroup;
			children = (
				352CAB3898F08E1E9B654E98 /* Pods_R_Sports.framework */,
			);
			name = Frameworks;
			sourceTree = "<group>";
		};
		39A3A98CD35E7D87282033DA /* Pods */ = {
			isa = PBXGroup;
			children = (
				7DA11FD8174833CE6EF6E589 /* Pods-R Sports.debug.xcconfig */,
				CCD0E545A97311F421D932F3 /* Pods-R Sports.release.xcconfig */,
			);
			path = Pods;
			sourceTree = "<group>";
		};
		FA0098C52337E55B000BC738 /* TimesCell */ = {
			isa = PBXGroup;
			children = (
				FA0098C62337E577000BC738 /* TimesCell.swift */,
				FA0098C72337E577000BC738 /* TimesCell.xib */,
			);
			path = TimesCell;
			sourceTree = "<group>";
		};
		FA07BB73225BBB39007AF2D0 /* Controllers */ = {
			isa = PBXGroup;
			children = (
				FA07BB74225BBB60007AF2D0 /* AuthController.swift */,
				FA8B55F722AAF8D0000BE939 /* ConfirmacaoController.swift */,
				FA418AB023024BFC007B2F53 /* ConfirmacaoReservaListaController.swift */,
				FAB1E119233D40A1001E88F1 /* ConvitesController.swift */,
				FA5A405022ADC77900E8FA8A /* CriarReservaController.swift */,
				FA0098CA2337F1A3000BC738 /* CriarTimeController.swift */,
				FAC8EE3822FB4BC300EC7812 /* DetalhesReservaController.swift */,
				FAD5D5E1224E8D3E00DD64DB /* ListaQuadrasController.swift */,
				FA2C1EE422AC0A770057131A /* LoginController.swift */,
				FA07BB7B225BC7AF007AF2D0 /* MainTabController.swift */,
				FA8B55E422AAD989000BE939 /* MapController.swift */,
				FA7D48C023304A490044D85D /* MatchmakeController.swift */,
				FA2C1EE622AC5A840057131A /* OnboardingCreateAccountController.swift */,
				FA418ABA23039983007B2F53 /* OnboardingProfileController.swift */,
				FA8B55F522AAF7E9000BE939 /* PagamentoController.swift */,
				FA905DE2229CBA4200F4D20E /* PerfilController.swift */,
				FAA62194229CB0D300688353 /* QuadraDetailController.swift */,
				FAC8EE4422FC8D2900EC7812 /* QuadraServicosController.swift */,
				FA905DF1229E004400F4D20E /* ReservasController.swift */,
				FAB1E10C233D120B001E88F1 /* TimeDetalhesController.swift */,
				FA7D48C22337D5290044D85D /* TimesController.swift */,
				FA418AB7230393A3007B2F53 /* Deprecated */,
				FA418AAF23024BB5007B2F53 /* Popup Controllers */,
				FA418AB423037D48007B2F53 /* OnboardingProfileController.swift */,
			);
			path = Controllers;
			sourceTree = "<group>";
		};
		FA07BB76225BC383007AF2D0 /* Extensions */ = {
			isa = PBXGroup;
			children = (
				FA905DE0229CB50C00F4D20E /* Date+Extensions.swift */,
				FA905DF3229E022E00F4D20E /* Double+Extensions.swift */,
				FA905DE6229CC44200F4D20E /* UIImageView+Extensions.swift */,
				FA905DEF229DFB6500F4D20E /* UITextField+Extensions.swift */,
				FA905DED229DFA5000F4D20E /* UIViewController+Extensions.swift */,
				FA07BB77225BC394007AF2D0 /* UIWindow+Extensions.swift */,
			);
			path = Extensions;
			sourceTree = "<group>";
		};
		FA166E9522C43CD500E0FF5E /* Helpers */ = {
			isa = PBXGroup;
			children = (
				FA166E9622C43D0400E0FF5E /* AlertsHelper.swift */,
				FA45692422E67AE000C0971B /* AppConstants.swift */,
				FA418AB223025C3D007B2F53 /* FilesManager.swift */,
			);
			path = Helpers;
			sourceTree = "<group>";
		};
		FA3EB7DB225AEF9100866125 /* Service */ = {
			isa = PBXGroup;
			children = (
				FA3EB7DC225AEFA200866125 /* FirebaseService.swift */,
				FA7CE8AD22AC5BAF007B84A7 /* PhoneService.swift */,
				FA45692622E6953100C0971B /* RSportsService.swift */,
			);
			path = Service;
			sourceTree = "<group>";
		};
		FA418AA423010192007B2F53 /* DadosUsuarioCell */ = {
			isa = PBXGroup;
			children = (
				FA418AA5230101B7007B2F53 /* DadosUsuarioCell.swift */,
				FA418AA6230101B7007B2F53 /* DadosUsuarioCell.xib */,
			);
			path = DadosUsuarioCell;
			sourceTree = "<group>";
		};
		FA418AAD23024B8F007B2F53 /* LogoffCell */ = {
			isa = PBXGroup;
			children = (
				FA418AA923010830007B2F53 /* LogoffCell.swift */,
				FA418AAA23010830007B2F53 /* LogoffCell.xib */,
			);
			path = LogoffCell;
			sourceTree = "<group>";
		};
		FA418AAE23024B9F007B2F53 /* ServicosCollectionCell */ = {
			isa = PBXGroup;
			children = (
				FA9A1C312301D270001661ED /* ServicosCollectionCell.swift */,
			);
			path = ServicosCollectionCell;
			sourceTree = "<group>";
		};
		FA418AAF23024BB5007B2F53 /* Popup Controllers */ = {
			isa = PBXGroup;
			children = (
				FA9A1C352301E7DA001661ED /* ServicoController */,
				FA6EA61A2300B02F00C6799B /* FiltrosQuadrasController */,
			);
			path = "Popup Controllers";
			sourceTree = "<group>";
		};
		FA418AB7230393A3007B2F53 /* Deprecated */ = {
			isa = PBXGroup;
			children = (
				FA7CE8AF22AC6894007B84A7 /* OnboardingIdentityInfoController.swift */,
				FA7CE8B122AC6D88007B84A7 /* OnboardingImageController.swift */,
				FA7CE8B322AC7342007B84A7 /* OnboardingPlaystyleController.swift */,
			);
			path = Deprecated;
			sourceTree = "<group>";
		};
		FA57492622F9F8DD005E015C /* NoQuadrasCell */ = {
			isa = PBXGroup;
			children = (
				FA57492722F9F8F5005E015C /* NoQuadrasCell.swift */,
				FA57492822F9F8F5005E015C /* NoQuadrasCell.xib */,
			);
			path = NoQuadrasCell;
			sourceTree = "<group>";
		};
		FA58A121224E9FDD007F9C72 /* Model */ = {
			isa = PBXGroup;
			children = (
				FA58A123224E9FF0007F9C72 /* QuadraDTO.swift */,
				FA905DE4229CBD7400F4D20E /* UserDTO.swift */,
				FAB3642D22AE8FDC006ED541 /* ReservaDTO.swift */,
				FA57492B22FA0CCF005E015C /* ReservaListaDTO.swift */,
				FA0098C32337E2CB000BC738 /* JogadorTimeDTO.swift */,
			);
			path = Model;
			sourceTree = "<group>";
		};
		FA5A405222ADC7A400E8FA8A /* EnderecoCell */ = {
			isa = PBXGroup;
			children = (
				FA5A404422ADB90000E8FA8A /* EnderecoCell.swift */,
				FA5A404522ADB90000E8FA8A /* EnderecoCell.xib */,
			);
			path = EnderecoCell;
			sourceTree = "<group>";
		};
		FA5A405322ADC7AA00E8FA8A /* HeaderCell */ = {
			isa = PBXGroup;
			children = (
				FA5A404022ADB4DB00E8FA8A /* HeaderCell.swift */,
				FA5A404122ADB4DB00E8FA8A /* HeaderCell.xib */,
			);
			path = HeaderCell;
			sourceTree = "<group>";
		};
		FA5A405522ADC8BA00E8FA8A /* JogadoresCell */ = {
			isa = PBXGroup;
			children = (
				FA5A405822ADC90600E8FA8A /* JogadoresCell.swift */,
				FA5A405922ADC90600E8FA8A /* JogadoresCell.xib */,
			);
			path = JogadoresCell;
			sourceTree = "<group>";
		};
		FA6EA61A2300B02F00C6799B /* FiltrosQuadrasController */ = {
			isa = PBXGroup;
			children = (
				FAF515002300B0A700C7ADD0 /* FiltrosQuadrasController.swift */,
				FAF515012300B0A700C7ADD0 /* FiltrosQuadrasController.xib */,
			);
			path = FiltrosQuadrasController;
			sourceTree = "<group>";
		};
		FA7D48BB233048970044D85D /* EventosCell */ = {
			isa = PBXGroup;
			children = (
				FA7D48BC233048D00044D85D /* EventosCell.swift */,
				FA7D48BD233048D00044D85D /* EventosCell.xib */,
			);
			path = EventosCell;
			sourceTree = "<group>";
		};
		FA8B55E622AAE777000BE939 /* Custom Objects */ = {
			isa = PBXGroup;
			children = (
				FA8B55F322AAF6C1000BE939 /* CreditCardValidator.swift */,
				FA2C1EE222AC0A420057131A /* KapinField.swift */,
				FA2C1EE022AB7A8B0057131A /* MaskedTextField.swift */,
				FA9A1C332301E018001661ED /* ButtonWithImage.swift */,
			);
			path = "Custom Objects";
			sourceTree = "<group>";
		};
		FA905DE8229DE4E800F4D20E /* CalendarCell */ = {
			isa = PBXGroup;
			children = (
				FA905DE9229DE51D00F4D20E /* CalendarCell.swift */,
				FA905DEA229DE51D00F4D20E /* CalendarCell.xib */,
			);
			path = CalendarCell;
			sourceTree = "<group>";
		};
		FA905DF522A4AA0B00F4D20E /* ReservasCell */ = {
			isa = PBXGroup;
			children = (
				FAD4D4C022A4AA4F008F10F7 /* ReservasCell.swift */,
				FAD4D4C122A4AA4F008F10F7 /* ReservasCell.xib */,
			);
			path = ReservasCell;
			sourceTree = "<group>";
		};
		FA9A1C352301E7DA001661ED /* ServicoController */ = {
			isa = PBXGroup;
			children = (
				FA9A1C362301E804001661ED /* ServicoController.swift */,
				FA9A1C372301E804001661ED /* ServicoController.xib */,
			);
			path = ServicoController;
			sourceTree = "<group>";
		};
		FAB1E10E233D14B5001E88F1 /* JogadorTimeCell */ = {
			isa = PBXGroup;
			children = (
				FAB1E10F233D1562001E88F1 /* JogadorTimeCell.swift */,
				FAB1E110233D1562001E88F1 /* JogadorTimeCell.xib */,
			);
			path = JogadorTimeCell;
			sourceTree = "<group>";
		};
		FAB1E113233D3E98001E88F1 /* ConviteTimeCell */ = {
			isa = PBXGroup;
			children = (
				FAB1E116233D3ED9001E88F1 /* ConviteTimeCell.swift */,
				FAB1E115233D3ED9001E88F1 /* ConviteTimeCell.xib */,
			);
			path = ConviteTimeCell;
			sourceTree = "<group>";
		};
		FAB1E11B233D7676001E88F1 /* PartidasCell */ = {
			isa = PBXGroup;
			children = (
				FAB1E11C233D769C001E88F1 /* PartidaCell.swift */,
				FAB1E11D233D769C001E88F1 /* PartidaCell.xib */,
			);
			path = PartidasCell;
			sourceTree = "<group>";
		};
		FAC8EE3A22FB4F3C00EC7812 /* JogadoresStatusCell */ = {
			isa = PBXGroup;
			children = (
				FAC8EE4022FB506B00EC7812 /* JogadoresStatusCell.swift */,
			);
			path = JogadoresStatusCell;
			sourceTree = "<group>";
		};
		FAD5D5D3224E8D3E00DD64DB = {
			isa = PBXGroup;
			children = (
				FAD5D5DE224E8D3E00DD64DB /* R Sports */,
				39A3A98CD35E7D87282033DA /* Pods */,
				FAD5D5DD224E8D3E00DD64DB /* Products */,
				33F02DF2251B1C1F95BE05EC /* Frameworks */,
			);
			sourceTree = "<group>";
		};
		FAD5D5DD224E8D3E00DD64DB /* Products */ = {
			isa = PBXGroup;
			children = (
				FAD5D5DC224E8D3E00DD64DB /* R Sports.app */,
			);
			name = Products;
			sourceTree = "<group>";
		};
		FAD5D5DE224E8D3E00DD64DB /* R Sports */ = {
			isa = PBXGroup;
			children = (
				FA2C1EDF22AB13AE0057131A /* R Sports.entitlements */,
				FA3EB7D9225AED5F00866125 /* GoogleService-Info.plist */,
				FAD5D5EB224E8D4000DD64DB /* Info.plist */,
				FAD5D5DF224E8D3E00DD64DB /* AppDelegate.swift */,
				FAA49238229C99A200813E14 /* SharedSession.swift */,
				FA5A404C22ADC35D00E8FA8A /* Assets.xcassets */,
				FAD5D5E8224E8D4000DD64DB /* LaunchScreen.storyboard */,
				FAD5D5E3224E8D3E00DD64DB /* Main.storyboard */,
				FAD5D5F1224E995700DD64DB /* Cells */,
				FA07BB73225BBB39007AF2D0 /* Controllers */,
				FA8B55E622AAE777000BE939 /* Custom Objects */,
				FA07BB76225BC383007AF2D0 /* Extensions */,
				FA166E9522C43CD500E0FF5E /* Helpers */,
				FA58A121224E9FDD007F9C72 /* Model */,
				FA3EB7DB225AEF9100866125 /* Service */,
			);
			path = "R Sports";
			sourceTree = "<group>";
		};
		FAD5D5F1224E995700DD64DB /* Cells */ = {
			isa = PBXGroup;
			children = (
				FAB1E11B233D7676001E88F1 /* PartidasCell */,
				FA905DE8229DE4E800F4D20E /* CalendarCell */,
				FAB1E113233D3E98001E88F1 /* ConviteTimeCell */,
				FA418AA423010192007B2F53 /* DadosUsuarioCell */,
				FA5A405222ADC7A400E8FA8A /* EnderecoCell */,
				FA7D48BB233048970044D85D /* EventosCell */,
				FA5A405322ADC7AA00E8FA8A /* HeaderCell */,
				FA5A405522ADC8BA00E8FA8A /* JogadoresCell */,
				FAC8EE3A22FB4F3C00EC7812 /* JogadoresStatusCell */,
				FAB1E10E233D14B5001E88F1 /* JogadorTimeCell */,
				FA418AAD23024B8F007B2F53 /* LogoffCell */,
				FA57492622F9F8DD005E015C /* NoQuadrasCell */,
				FAD5D5F2224E995F00DD64DB /* QuadrasCell */,
				FA905DF522A4AA0B00F4D20E /* ReservasCell */,
				FA418AAE23024B9F007B2F53 /* ServicosCollectionCell */,
				FA0098C52337E55B000BC738 /* TimesCell */,
			);
			path = Cells;
			sourceTree = "<group>";
		};
		FAD5D5F2224E995F00DD64DB /* QuadrasCell */ = {
			isa = PBXGroup;
			children = (
				FAD5D5F3224E997300DD64DB /* QuadrasCell.swift */,
				FAD5D5F4224E997300DD64DB /* QuadrasCell.xib */,
			);
			path = QuadrasCell;
			sourceTree = "<group>";
		};
/* End PBXGroup section */

/* Begin PBXNativeTarget section */
		FAD5D5DB224E8D3E00DD64DB /* R Sports */ = {
			isa = PBXNativeTarget;
			buildConfigurationList = FAD5D5EE224E8D4000DD64DB /* Build configuration list for PBXNativeTarget "R Sports" */;
			buildPhases = (
				FC9847C52165BC54F5600F18 /* [CP] Check Pods Manifest.lock */,
				FAD5D5D8224E8D3E00DD64DB /* Sources */,
				FAD5D5D9224E8D3E00DD64DB /* Frameworks */,
				FAD5D5DA224E8D3E00DD64DB /* Resources */,
				18FD5AD496277606D8E80720 /* [CP] Embed Pods Frameworks */,
				F880680F60558EAE911920B7 /* [CP] Copy Pods Resources */,
			);
			buildRules = (
			);
			dependencies = (
			);
			name = "R Sports";
			productName = "R Sports";
			productReference = FAD5D5DC224E8D3E00DD64DB /* R Sports.app */;
			productType = "com.apple.product-type.application";
		};
/* End PBXNativeTarget section */

/* Begin PBXProject section */
		FAD5D5D4224E8D3E00DD64DB /* Project object */ = {
			isa = PBXProject;
			attributes = {
				LastSwiftUpdateCheck = 1020;
				LastUpgradeCheck = 1020;
				ORGANIZATIONNAME = "João Pedro Leite";
				TargetAttributes = {
					FAD5D5DB224E8D3E00DD64DB = {
						CreatedOnToolsVersion = 10.2;
						SystemCapabilities = {
							com.apple.Push = {
								enabled = 1;
							};
						};
					};
				};
			};
			buildConfigurationList = FAD5D5D7224E8D3E00DD64DB /* Build configuration list for PBXProject "R Sports" */;
			compatibilityVersion = "Xcode 9.3";
			developmentRegion = en;
			hasScannedForEncodings = 0;
			knownRegions = (
				en,
				Base,
			);
			mainGroup = FAD5D5D3224E8D3E00DD64DB;
			productRefGroup = FAD5D5DD224E8D3E00DD64DB /* Products */;
			projectDirPath = "";
			projectRoot = "";
			targets = (
				FAD5D5DB224E8D3E00DD64DB /* R Sports */,
			);
		};
/* End PBXProject section */

/* Begin PBXResourcesBuildPhase section */
		FAD5D5DA224E8D3E00DD64DB /* Resources */ = {
			isa = PBXResourcesBuildPhase;
			buildActionMask = 2147483647;
			files = (
				FA5A404D22ADC35D00E8FA8A /* Assets.xcassets in Resources */,
				FA57492A22F9F8F5005E015C /* NoQuadrasCell.xib in Resources */,
				FA5A404322ADB4DB00E8FA8A /* HeaderCell.xib in Resources */,
				FAD5D5EA224E8D4000DD64DB /* LaunchScreen.storyboard in Resources */,
				FA7D48BF233048D00044D85D /* EventosCell.xib in Resources */,
				FAD5D5F6224E997300DD64DB /* QuadrasCell.xib in Resources */,
				FA9A1C392301E804001661ED /* ServicoController.xib in Resources */,
				FA3EB7DA225AED5F00866125 /* GoogleService-Info.plist in Resources */,
				FA418AAC23010830007B2F53 /* LogoffCell.xib in Resources */,
				FAB1E117233D3ED9001E88F1 /* ConviteTimeCell.xib in Resources */,
				FA418AA8230101B7007B2F53 /* DadosUsuarioCell.xib in Resources */,
				FA0098C92337E577000BC738 /* TimesCell.xib in Resources */,
				FAB1E112233D1562001E88F1 /* JogadorTimeCell.xib in Resources */,
				FAB1E11F233D769D001E88F1 /* PartidaCell.xib in Resources */,
				FAF515032300B0A700C7ADD0 /* FiltrosQuadrasController.xib in Resources */,
				FAD5D5E5224E8D3E00DD64DB /* Main.storyboard in Resources */,
				FA5A405B22ADC90600E8FA8A /* JogadoresCell.xib in Resources */,
				FA905DEC229DE51D00F4D20E /* CalendarCell.xib in Resources */,
				FAD4D4C322A4AA4F008F10F7 /* ReservasCell.xib in Resources */,
				FA5A404722ADB90000E8FA8A /* EnderecoCell.xib in Resources */,
			);
			runOnlyForDeploymentPostprocessing = 0;
		};
/* End PBXResourcesBuildPhase section */

/* Begin PBXShellScriptBuildPhase section */
		18FD5AD496277606D8E80720 /* [CP] Embed Pods Frameworks */ = {
			isa = PBXShellScriptBuildPhase;
			buildActionMask = 2147483647;
			files = (
			);
			inputFileListPaths = (
				"${PODS_ROOT}/Target Support Files/Pods-R Sports/Pods-R Sports-frameworks-${CONFIGURATION}-input-files.xcfilelist",
			);
			name = "[CP] Embed Pods Frameworks";
			outputFileListPaths = (
				"${PODS_ROOT}/Target Support Files/Pods-R Sports/Pods-R Sports-frameworks-${CONFIGURATION}-output-files.xcfilelist",
			);
			runOnlyForDeploymentPostprocessing = 0;
			shellPath = /bin/sh;
			shellScript = "\"${PODS_ROOT}/Target Support Files/Pods-R Sports/Pods-R Sports-frameworks.sh\"\n";
			showEnvVarsInLog = 0;
		};
		F880680F60558EAE911920B7 /* [CP] Copy Pods Resources */ = {
			isa = PBXShellScriptBuildPhase;
			buildActionMask = 2147483647;
			files = (
			);
			inputFileListPaths = (
				"${PODS_ROOT}/Target Support Files/Pods-R Sports/Pods-R Sports-resources-${CONFIGURATION}-input-files.xcfilelist",
			);
			name = "[CP] Copy Pods Resources";
			outputFileListPaths = (
				"${PODS_ROOT}/Target Support Files/Pods-R Sports/Pods-R Sports-resources-${CONFIGURATION}-output-files.xcfilelist",
			);
			runOnlyForDeploymentPostprocessing = 0;
			shellPath = /bin/sh;
			shellScript = "\"${PODS_ROOT}/Target Support Files/Pods-R Sports/Pods-R Sports-resources.sh\"\n";
			showEnvVarsInLog = 0;
		};
		FC9847C52165BC54F5600F18 /* [CP] Check Pods Manifest.lock */ = {
			isa = PBXShellScriptBuildPhase;
			buildActionMask = 2147483647;
			files = (
			);
			inputFileListPaths = (
			);
			inputPaths = (
				"${PODS_PODFILE_DIR_PATH}/Podfile.lock",
				"${PODS_ROOT}/Manifest.lock",
			);
			name = "[CP] Check Pods Manifest.lock";
			outputFileListPaths = (
			);
			outputPaths = (
				"$(DERIVED_FILE_DIR)/Pods-R Sports-checkManifestLockResult.txt",
			);
			runOnlyForDeploymentPostprocessing = 0;
			shellPath = /bin/sh;
			shellScript = "diff \"${PODS_PODFILE_DIR_PATH}/Podfile.lock\" \"${PODS_ROOT}/Manifest.lock\" > /dev/null\nif [ $? != 0 ] ; then\n    # print error to STDERR\n    echo \"error: The sandbox is not in sync with the Podfile.lock. Run 'pod install' or update your CocoaPods installation.\" >&2\n    exit 1\nfi\n# This output is used by Xcode 'outputs' to avoid re-running this script phase.\necho \"SUCCESS\" > \"${SCRIPT_OUTPUT_FILE_0}\"\n";
			showEnvVarsInLog = 0;
		};
/* End PBXShellScriptBuildPhase section */

/* Begin PBXSourcesBuildPhase section */
		FAD5D5D8224E8D3E00DD64DB /* Sources */ = {
			isa = PBXSourcesBuildPhase;
			buildActionMask = 2147483647;
			files = (
				FA7D48BE233048D00044D85D /* EventosCell.swift in Sources */,
				FAC8EE3922FB4BC300EC7812 /* DetalhesReservaController.swift in Sources */,
				FA905DF2229E004400F4D20E /* ReservasController.swift in Sources */,
				FA8B55E522AAD989000BE939 /* MapController.swift in Sources */,
				FA905DE7229CC44200F4D20E /* UIImageView+Extensions.swift in Sources */,
				FA418AA7230101B7007B2F53 /* DadosUsuarioCell.swift in Sources */,
				FAD5D5E2224E8D3E00DD64DB /* ListaQuadrasController.swift in Sources */,
				FA2C1EE522AC0A770057131A /* LoginController.swift in Sources */,
				FA07BB75225BBB60007AF2D0 /* AuthController.swift in Sources */,
				FA905DF0229DFB6500F4D20E /* UITextField+Extensions.swift in Sources */,
				FA2C1EE122AB7A8B0057131A /* MaskedTextField.swift in Sources */,
				FAB1E11E233D769D001E88F1 /* PartidaCell.swift in Sources */,
				FA8B55F622AAF7E9000BE939 /* PagamentoController.swift in Sources */,
				FA07BB7C225BC7AF007AF2D0 /* MainTabController.swift in Sources */,
				FA7D48C123304A490044D85D /* MatchmakeController.swift in Sources */,
				FA45692522E67AE000C0971B /* AppConstants.swift in Sources */,
				FA7CE8B222AC6D88007B84A7 /* OnboardingImageController.swift in Sources */,
				FA905DEB229DE51D00F4D20E /* CalendarCell.swift in Sources */,
				FA57492922F9F8F5005E015C /* NoQuadrasCell.swift in Sources */,
				FAB3642E22AE8FDC006ED541 /* ReservaDTO.swift in Sources */,
				FA5A405A22ADC90600E8FA8A /* JogadoresCell.swift in Sources */,
				FA7CE8B422AC7342007B84A7 /* OnboardingPlaystyleController.swift in Sources */,
				FAC8EE4222FB506B00EC7812 /* JogadoresStatusCell.swift in Sources */,
				FA0098CB2337F1A3000BC738 /* CriarTimeController.swift in Sources */,
				FAB1E118233D3ED9001E88F1 /* ConviteTimeCell.swift in Sources */,
				FA418AB523037D48007B2F53 /* OnboardingProfileController.swift in Sources */,
				FA9A1C382301E804001661ED /* ServicoController.swift in Sources */,
				FA0098C82337E577000BC738 /* TimesCell.swift in Sources */,
				FA9A1C322301D270001661ED /* ServicosCollectionCell.swift in Sources */,
				FA7CE8AE22AC5BAF007B84A7 /* PhoneService.swift in Sources */,
				FA3EB7DD225AEFA200866125 /* FirebaseService.swift in Sources */,
				FAD4D4C222A4AA4F008F10F7 /* ReservasCell.swift in Sources */,
				FA57492C22FA0CCF005E015C /* ReservaListaDTO.swift in Sources */,
				FA418AAB23010830007B2F53 /* LogoffCell.swift in Sources */,
				FA5A404622ADB90000E8FA8A /* EnderecoCell.swift in Sources */,
				FAB1E111233D1562001E88F1 /* JogadorTimeCell.swift in Sources */,
				FA9A1C342301E018001661ED /* ButtonWithImage.swift in Sources */,
				FA905DE1229CB50C00F4D20E /* Date+Extensions.swift in Sources */,
				FA418AB323025C3D007B2F53 /* FilesManager.swift in Sources */,
				FA418ABB23039983007B2F53 /* OnboardingProfileController.swift in Sources */,
				FAD5D5E0224E8D3E00DD64DB /* AppDelegate.swift in Sources */,
				FAD5D5F5224E997300DD64DB /* QuadrasCell.swift in Sources */,
				FAA49239229C99A200813E14 /* SharedSession.swift in Sources */,
				FA2C1EE322AC0A420057131A /* KapinField.swift in Sources */,
				FA2C1EE722AC5A840057131A /* OnboardingCreateAccountController.swift in Sources */,
				FAF515022300B0A700C7ADD0 /* FiltrosQuadrasController.swift in Sources */,
				FAB1E11A233D40A1001E88F1 /* ConvitesController.swift in Sources */,
				FAC8EE4522FC8D2900EC7812 /* QuadraServicosController.swift in Sources */,
				FA07BB78225BC394007AF2D0 /* UIWindow+Extensions.swift in Sources */,
				FA905DF4229E022E00F4D20E /* Double+Extensions.swift in Sources */,
				FA58A124224E9FF0007F9C72 /* QuadraDTO.swift in Sources */,
				FA45692722E6953100C0971B /* RSportsService.swift in Sources */,
				FA8B55F422AAF6C1000BE939 /* CreditCardValidator.swift in Sources */,
				FA905DEE229DFA5000F4D20E /* UIViewController+Extensions.swift in Sources */,
				FAB1E10D233D120B001E88F1 /* TimeDetalhesController.swift in Sources */,
				FA8B55F822AAF8D0000BE939 /* ConfirmacaoController.swift in Sources */,
				FAA62195229CB0D300688353 /* QuadraDetailController.swift in Sources */,
				FA7D48C32337D5290044D85D /* TimesController.swift in Sources */,
				FA418AB123024BFC007B2F53 /* ConfirmacaoReservaListaController.swift in Sources */,
				FA905DE5229CBD7400F4D20E /* UserDTO.swift in Sources */,
				FA7CE8B022AC6894007B84A7 /* OnboardingIdentityInfoController.swift in Sources */,
				FA166E9722C43D0400E0FF5E /* AlertsHelper.swift in Sources */,
				FA5A405122ADC77900E8FA8A /* CriarReservaController.swift in Sources */,
				FA0098C42337E2CB000BC738 /* JogadorTimeDTO.swift in Sources */,
				FA5A404222ADB4DB00E8FA8A /* HeaderCell.swift in Sources */,
				FA905DE3229CBA4200F4D20E /* PerfilController.swift in Sources */,
			);
			runOnlyForDeploymentPostprocessing = 0;
		};
/* End PBXSourcesBuildPhase section */

/* Begin PBXVariantGroup section */
		FAD5D5E3224E8D3E00DD64DB /* Main.storyboard */ = {
			isa = PBXVariantGroup;
			children = (
				FAD5D5E4224E8D3E00DD64DB /* Base */,
			);
			name = Main.storyboard;
			sourceTree = "<group>";
		};
		FAD5D5E8224E8D4000DD64DB /* LaunchScreen.storyboard */ = {
			isa = PBXVariantGroup;
			children = (
				FAD5D5E9224E8D4000DD64DB /* Base */,
			);
			name = LaunchScreen.storyboard;
			sourceTree = "<group>";
		};
/* End PBXVariantGroup section */

/* Begin XCBuildConfiguration section */
		FAD5D5EC224E8D4000DD64DB /* Debug */ = {
			isa = XCBuildConfiguration;
			buildSettings = {
				ALWAYS_SEARCH_USER_PATHS = NO;
				CLANG_ANALYZER_NONNULL = YES;
				CLANG_ANALYZER_NUMBER_OBJECT_CONVERSION = YES_AGGRESSIVE;
				CLANG_CXX_LANGUAGE_STANDARD = "gnu++14";
				CLANG_CXX_LIBRARY = "libc++";
				CLANG_ENABLE_MODULES = YES;
				CLANG_ENABLE_OBJC_ARC = YES;
				CLANG_ENABLE_OBJC_WEAK = YES;
				CLANG_WARN_BLOCK_CAPTURE_AUTORELEASING = YES;
				CLANG_WARN_BOOL_CONVERSION = YES;
				CLANG_WARN_COMMA = YES;
				CLANG_WARN_CONSTANT_CONVERSION = YES;
				CLANG_WARN_DEPRECATED_OBJC_IMPLEMENTATIONS = YES;
				CLANG_WARN_DIRECT_OBJC_ISA_USAGE = YES_ERROR;
				CLANG_WARN_DOCUMENTATION_COMMENTS = YES;
				CLANG_WARN_EMPTY_BODY = YES;
				CLANG_WARN_ENUM_CONVERSION = YES;
				CLANG_WARN_INFINITE_RECURSION = YES;
				CLANG_WARN_INT_CONVERSION = YES;
				CLANG_WARN_NON_LITERAL_NULL_CONVERSION = YES;
				CLANG_WARN_OBJC_IMPLICIT_RETAIN_SELF = YES;
				CLANG_WARN_OBJC_LITERAL_CONVERSION = YES;
				CLANG_WARN_OBJC_ROOT_CLASS = YES_ERROR;
				CLANG_WARN_RANGE_LOOP_ANALYSIS = YES;
				CLANG_WARN_STRICT_PROTOTYPES = YES;
				CLANG_WARN_SUSPICIOUS_MOVE = YES;
				CLANG_WARN_UNGUARDED_AVAILABILITY = YES_AGGRESSIVE;
				CLANG_WARN_UNREACHABLE_CODE = YES;
				CLANG_WARN__DUPLICATE_METHOD_MATCH = YES;
				CODE_SIGN_IDENTITY = "iPhone Developer";
				COPY_PHASE_STRIP = NO;
				DEBUG_INFORMATION_FORMAT = dwarf;
				ENABLE_STRICT_OBJC_MSGSEND = YES;
				ENABLE_TESTABILITY = YES;
				GCC_C_LANGUAGE_STANDARD = gnu11;
				GCC_DYNAMIC_NO_PIC = NO;
				GCC_NO_COMMON_BLOCKS = YES;
				GCC_OPTIMIZATION_LEVEL = 0;
				GCC_PREPROCESSOR_DEFINITIONS = (
					"DEBUG=1",
					"$(inherited)",
				);
				GCC_WARN_64_TO_32_BIT_CONVERSION = YES;
				GCC_WARN_ABOUT_RETURN_TYPE = YES_ERROR;
				GCC_WARN_UNDECLARED_SELECTOR = YES;
				GCC_WARN_UNINITIALIZED_AUTOS = YES_AGGRESSIVE;
				GCC_WARN_UNUSED_FUNCTION = YES;
				GCC_WARN_UNUSED_VARIABLE = YES;
				IPHONEOS_DEPLOYMENT_TARGET = 12.2;
				MTL_ENABLE_DEBUG_INFO = INCLUDE_SOURCE;
				MTL_FAST_MATH = YES;
				ONLY_ACTIVE_ARCH = YES;
				SDKROOT = iphoneos;
				SWIFT_ACTIVE_COMPILATION_CONDITIONS = DEBUG;
				SWIFT_OPTIMIZATION_LEVEL = "-Onone";
			};
			name = Debug;
		};
		FAD5D5ED224E8D4000DD64DB /* Release */ = {
			isa = XCBuildConfiguration;
			buildSettings = {
				ALWAYS_SEARCH_USER_PATHS = NO;
				CLANG_ANALYZER_NONNULL = YES;
				CLANG_ANALYZER_NUMBER_OBJECT_CONVERSION = YES_AGGRESSIVE;
				CLANG_CXX_LANGUAGE_STANDARD = "gnu++14";
				CLANG_CXX_LIBRARY = "libc++";
				CLANG_ENABLE_MODULES = YES;
				CLANG_ENABLE_OBJC_ARC = YES;
				CLANG_ENABLE_OBJC_WEAK = YES;
				CLANG_WARN_BLOCK_CAPTURE_AUTORELEASING = YES;
				CLANG_WARN_BOOL_CONVERSION = YES;
				CLANG_WARN_COMMA = YES;
				CLANG_WARN_CONSTANT_CONVERSION = YES;
				CLANG_WARN_DEPRECATED_OBJC_IMPLEMENTATIONS = YES;
				CLANG_WARN_DIRECT_OBJC_ISA_USAGE = YES_ERROR;
				CLANG_WARN_DOCUMENTATION_COMMENTS = YES;
				CLANG_WARN_EMPTY_BODY = YES;
				CLANG_WARN_ENUM_CONVERSION = YES;
				CLANG_WARN_INFINITE_RECURSION = YES;
				CLANG_WARN_INT_CONVERSION = YES;
				CLANG_WARN_NON_LITERAL_NULL_CONVERSION = YES;
				CLANG_WARN_OBJC_IMPLICIT_RETAIN_SELF = YES;
				CLANG_WARN_OBJC_LITERAL_CONVERSION = YES;
				CLANG_WARN_OBJC_ROOT_CLASS = YES_ERROR;
				CLANG_WARN_RANGE_LOOP_ANALYSIS = YES;
				CLANG_WARN_STRICT_PROTOTYPES = YES;
				CLANG_WARN_SUSPICIOUS_MOVE = YES;
				CLANG_WARN_UNGUARDED_AVAILABILITY = YES_AGGRESSIVE;
				CLANG_WARN_UNREACHABLE_CODE = YES;
				CLANG_WARN__DUPLICATE_METHOD_MATCH = YES;
				CODE_SIGN_IDENTITY = "iPhone Developer";
				COPY_PHASE_STRIP = NO;
				DEBUG_INFORMATION_FORMAT = "dwarf-with-dsym";
				ENABLE_NS_ASSERTIONS = NO;
				ENABLE_STRICT_OBJC_MSGSEND = YES;
				GCC_C_LANGUAGE_STANDARD = gnu11;
				GCC_NO_COMMON_BLOCKS = YES;
				GCC_WARN_64_TO_32_BIT_CONVERSION = YES;
				GCC_WARN_ABOUT_RETURN_TYPE = YES_ERROR;
				GCC_WARN_UNDECLARED_SELECTOR = YES;
				GCC_WARN_UNINITIALIZED_AUTOS = YES_AGGRESSIVE;
				GCC_WARN_UNUSED_FUNCTION = YES;
				GCC_WARN_UNUSED_VARIABLE = YES;
				IPHONEOS_DEPLOYMENT_TARGET = 12.2;
				MTL_ENABLE_DEBUG_INFO = NO;
				MTL_FAST_MATH = YES;
				SDKROOT = iphoneos;
				SWIFT_COMPILATION_MODE = wholemodule;
				SWIFT_OPTIMIZATION_LEVEL = "-O";
				VALIDATE_PRODUCT = YES;
			};
			name = Release;
		};
		FAD5D5EF224E8D4000DD64DB /* Debug */ = {
			isa = XCBuildConfiguration;
			baseConfigurationReference = 7DA11FD8174833CE6EF6E589 /* Pods-R Sports.debug.xcconfig */;
			buildSettings = {
				ASSETCATALOG_COMPILER_APPICON_NAME = AppIcon;
				CODE_SIGN_ENTITLEMENTS = "R Sports/R Sports.entitlements";
				CODE_SIGN_STYLE = Automatic;
				DEVELOPMENT_TEAM = EMX5WZVKLF;
				INFOPLIST_FILE = "R Sports/Info.plist";
				IPHONEOS_DEPLOYMENT_TARGET = 12.0;
				LD_RUNPATH_SEARCH_PATHS = (
					"$(inherited)",
					"@executable_path/Frameworks",
				);
				PRODUCT_BUNDLE_IDENTIFIER = "com.jpapps.R-Sports";
				PRODUCT_NAME = "$(TARGET_NAME)";
				SWIFT_VERSION = 5.0;
				TARGETED_DEVICE_FAMILY = 1;
			};
			name = Debug;
		};
		FAD5D5F0224E8D4000DD64DB /* Release */ = {
			isa = XCBuildConfiguration;
			baseConfigurationReference = CCD0E545A97311F421D932F3 /* Pods-R Sports.release.xcconfig */;
			buildSettings = {
				ASSETCATALOG_COMPILER_APPICON_NAME = AppIcon;
				CODE_SIGN_ENTITLEMENTS = "R Sports/R Sports.entitlements";
				CODE_SIGN_STYLE = Automatic;
				DEVELOPMENT_TEAM = EMX5WZVKLF;
				INFOPLIST_FILE = "R Sports/Info.plist";
				IPHONEOS_DEPLOYMENT_TARGET = 12.0;
				LD_RUNPATH_SEARCH_PATHS = (
					"$(inherited)",
					"@executable_path/Frameworks",
				);
				PRODUCT_BUNDLE_IDENTIFIER = "com.jpapps.R-Sports";
				PRODUCT_NAME = "$(TARGET_NAME)";
				SWIFT_VERSION = 5.0;
				TARGETED_DEVICE_FAMILY = 1;
			};
			name = Release;
		};
/* End XCBuildConfiguration section */

/* Begin XCConfigurationList section */
		FAD5D5D7224E8D3E00DD64DB /* Build configuration list for PBXProject "R Sports" */ = {
			isa = XCConfigurationList;
			buildConfigurations = (
				FAD5D5EC224E8D4000DD64DB /* Debug */,
				FAD5D5ED224E8D4000DD64DB /* Release */,
			);
			defaultConfigurationIsVisible = 0;
			defaultConfigurationName = Release;
		};
		FAD5D5EE224E8D4000DD64DB /* Build configuration list for PBXNativeTarget "R Sports" */ = {
			isa = XCConfigurationList;
			buildConfigurations = (
				FAD5D5EF224E8D4000DD64DB /* Debug */,
				FAD5D5F0224E8D4000DD64DB /* Release */,
			);
			defaultConfigurationIsVisible = 0;
			defaultConfigurationName = Release;
		};
/* End XCConfigurationList section */
	};
	rootObject = FAD5D5D4224E8D3E00DD64DB /* Project object */;
}
